// !$*UTF8*$!
{
	archiveVersion = 1;
	classes = {
	};
	objectVersion = 50;
	objects = {

/* Begin PBXBuildFile section */
		69139ECB23863E650046A4AC /* AppDelegate.swift in Sources */ = {isa = PBXBuildFile; fileRef = 69139ECA23863E650046A4AC /* AppDelegate.swift */; };
		69139ECD23863E650046A4AC /* SceneDelegate.swift in Sources */ = {isa = PBXBuildFile; fileRef = 69139ECC23863E650046A4AC /* SceneDelegate.swift */; };
		69139ECF23863E650046A4AC /* ViewController.swift in Sources */ = {isa = PBXBuildFile; fileRef = 69139ECE23863E650046A4AC /* ViewController.swift */; };
		69139ED223863E650046A4AC /* Main.storyboard in Resources */ = {isa = PBXBuildFile; fileRef = 69139ED023863E650046A4AC /* Main.storyboard */; };
		69139ED423863E660046A4AC /* Assets.xcassets in Resources */ = {isa = PBXBuildFile; fileRef = 69139ED323863E660046A4AC /* Assets.xcassets */; };
		69139ED723863E660046A4AC /* LaunchScreen.storyboard in Resources */ = {isa = PBXBuildFile; fileRef = 69139ED523863E660046A4AC /* LaunchScreen.storyboard */; };
		69139EE22386428B0046A4AC /* CollectionViewCell.swift in Sources */ = {isa = PBXBuildFile; fileRef = 69139EE12386428B0046A4AC /* CollectionViewCell.swift */; };
		69139EFC2386521D0046A4AC /* SFSymbol.framework in Frameworks */ = {isa = PBXBuildFile; fileRef = 69139EF62386520B0046A4AC /* SFSymbol.framework */; };
/* End PBXBuildFile section */

/* Begin PBXContainerItemProxy section */
		69139EF52386520B0046A4AC /* PBXContainerItemProxy */ = {
			isa = PBXContainerItemProxy;
			containerPortal = 69139EEE2386520B0046A4AC /* SFSymbol.xcodeproj */;
			proxyType = 2;
			remoteGlobalIDString = "SFSymbol::SFSymbol::Product";
			remoteInfo = SFSymbol;
		};
		69139EF72386520B0046A4AC /* PBXContainerItemProxy */ = {
			isa = PBXContainerItemProxy;
			containerPortal = 69139EEE2386520B0046A4AC /* SFSymbol.xcodeproj */;
			proxyType = 2;
			remoteGlobalIDString = "SFSymbol::SFSymbolTests::Product";
			remoteInfo = SFSymbolTests;
		};
		69139EF9238652170046A4AC /* PBXContainerItemProxy */ = {
			isa = PBXContainerItemProxy;
			containerPortal = 69139EEE2386520B0046A4AC /* SFSymbol.xcodeproj */;
			proxyType = 1;
			remoteGlobalIDString = "SFSymbol::SFSymbol";
			remoteInfo = SFSymbol;
		};
/* End PBXContainerItemProxy section */

/* Begin PBXFileReference section */
		69139EC723863E650046A4AC /* SFSymbolExample.app */ = {isa = PBXFileReference; explicitFileType = wrapper.application; includeInIndex = 0; path = SFSymbolExample.app; sourceTree = BUILT_PRODUCTS_DIR; };
		69139ECA23863E650046A4AC /* AppDelegate.swift */ = {isa = PBXFileReference; lastKnownFileType = sourcecode.swift; path = AppDelegate.swift; sourceTree = "<group>"; };
		69139ECC23863E650046A4AC /* SceneDelegate.swift */ = {isa = PBXFileReference; lastKnownFileType = sourcecode.swift; path = SceneDelegate.swift; sourceTree = "<group>"; };
		69139ECE23863E650046A4AC /* ViewController.swift */ = {isa = PBXFileReference; lastKnownFileType = sourcecode.swift; path = ViewController.swift; sourceTree = "<group>"; };
		69139ED123863E650046A4AC /* Base */ = {isa = PBXFileReference; lastKnownFileType = file.storyboard; name = Base; path = Base.lproj/Main.storyboard; sourceTree = "<group>"; };
		69139ED323863E660046A4AC /* Assets.xcassets */ = {isa = PBXFileReference; lastKnownFileType = folder.assetcatalog; path = Assets.xcassets; sourceTree = "<group>"; };
		69139ED623863E660046A4AC /* Base */ = {isa = PBXFileReference; lastKnownFileType = file.storyboard; name = Base; path = Base.lproj/LaunchScreen.storyboard; sourceTree = "<group>"; };
		69139ED823863E660046A4AC /* Info.plist */ = {isa = PBXFileReference; lastKnownFileType = text.plist.xml; path = Info.plist; sourceTree = "<group>"; };
		69139EE12386428B0046A4AC /* CollectionViewCell.swift */ = {isa = PBXFileReference; lastKnownFileType = sourcecode.swift; path = CollectionViewCell.swift; sourceTree = "<group>"; };
		69139EEE2386520B0046A4AC /* SFSymbol.xcodeproj */ = {isa = PBXFileReference; lastKnownFileType = "wrapper.pb-project"; name = SFSymbol.xcodeproj; path = ../SFSymbol.xcodeproj; sourceTree = "<group>"; };
/* End PBXFileReference section */

/* Begin PBXFrameworksBuildPhase section */
		69139EC423863E650046A4AC /* Frameworks */ = {
			isa = PBXFrameworksBuildPhase;
			buildActionMask = 2147483647;
			files = (
				69139EFC2386521D0046A4AC /* SFSymbol.framework in Frameworks */,
			);
			runOnlyForDeploymentPostprocessing = 0;
		};
/* End PBXFrameworksBuildPhase section */

/* Begin PBXGroup section */
		69139EBE23863E650046A4AC = {
			isa = PBXGroup;
			children = (
				69139EEE2386520B0046A4AC /* SFSymbol.xcodeproj */,
				69139EC923863E650046A4AC /* SFSymbolExample */,
				69139EC823863E650046A4AC /* Products */,
				69139EFB2386521D0046A4AC /* Frameworks */,
			);
			sourceTree = "<group>";
		};
		69139EC823863E650046A4AC /* Products */ = {
			isa = PBXGroup;
			children = (
				69139EC723863E650046A4AC /* SFSymbolExample.app */,
			);
			name = Products;
			sourceTree = "<group>";
		};
		69139EC923863E650046A4AC /* SFSymbolExample */ = {
			isa = PBXGroup;
			children = (
				69139ECA23863E650046A4AC /* AppDelegate.swift */,
				69139ECC23863E650046A4AC /* SceneDelegate.swift */,
				69139ECE23863E650046A4AC /* ViewController.swift */,
				69139ED023863E650046A4AC /* Main.storyboard */,
				69139ED323863E660046A4AC /* Assets.xcassets */,
				69139ED523863E660046A4AC /* LaunchScreen.storyboard */,
				69139ED823863E660046A4AC /* Info.plist */,
				69139EE12386428B0046A4AC /* CollectionViewCell.swift */,
			);
			path = SFSymbolExample;
			sourceTree = "<group>";
		};
		69139EEF2386520B0046A4AC /* Products */ = {
			isa = PBXGroup;
			children = (
				69139EF62386520B0046A4AC /* SFSymbol.framework */,
				69139EF82386520B0046A4AC /* SFSymbolTests.xctest */,
			);
			name = Products;
			sourceTree = "<group>";
		};
		69139EFB2386521D0046A4AC /* Frameworks */ = {
			isa = PBXGroup;
			children = (
			);
			name = Frameworks;
			sourceTree = "<group>";
		};
/* End PBXGroup section */

/* Begin PBXNativeTarget section */
		69139EC623863E650046A4AC /* SFSymbolExample */ = {
			isa = PBXNativeTarget;
			buildConfigurationList = 69139EDB23863E660046A4AC /* Build configuration list for PBXNativeTarget "SFSymbolExample" */;
			buildPhases = (
				69139EC323863E650046A4AC /* Sources */,
				69139EC423863E650046A4AC /* Frameworks */,
				69139EC523863E650046A4AC /* Resources */,
			);
			buildRules = (
			);
			dependencies = (
				69139EFA238652170046A4AC /* PBXTargetDependency */,
			);
			name = SFSymbolExample;
			productName = SFSymbolExample;
			productReference = 69139EC723863E650046A4AC /* SFSymbolExample.app */;
			productType = "com.apple.product-type.application";
		};
/* End PBXNativeTarget section */

/* Begin PBXProject section */
		69139EBF23863E650046A4AC /* Project object */ = {
			isa = PBXProject;
			attributes = {
				LastSwiftUpdateCheck = 1100;
				LastUpgradeCheck = 1100;
				ORGANIZATIONNAME = lvye;
				TargetAttributes = {
					69139EC623863E650046A4AC = {
						CreatedOnToolsVersion = 11.0;
					};
				};
			};
			buildConfigurationList = 69139EC223863E650046A4AC /* Build configuration list for PBXProject "SFSymbolExample" */;
			compatibilityVersion = "Xcode 9.3";
			developmentRegion = en;
			hasScannedForEncodings = 0;
			knownRegions = (
				en,
				Base,
			);
			mainGroup = 69139EBE23863E650046A4AC;
			productRefGroup = 69139EC823863E650046A4AC /* Products */;
			projectDirPath = "";
			projectReferences = (
				{
					ProductGroup = 69139EEF2386520B0046A4AC /* Products */;
					ProjectRef = 69139EEE2386520B0046A4AC /* SFSymbol.xcodeproj */;
				},
			);
			projectRoot = "";
			targets = (
				69139EC623863E650046A4AC /* SFSymbolExample */,
			);
		};
/* End PBXProject section */

/* Begin PBXReferenceProxy section */
		69139EF62386520B0046A4AC /* SFSymbol.framework */ = {
			isa = PBXReferenceProxy;
			fileType = wrapper.framework;
			path = SFSymbol.framework;
			remoteRef = 69139EF52386520B0046A4AC /* PBXContainerItemProxy */;
			sourceTree = BUILT_PRODUCTS_DIR;
		};
		69139EF82386520B0046A4AC /* SFSymbolTests.xctest */ = {
			isa = PBXReferenceProxy;
			fileType = wrapper.cfbundle;
			path = SFSymbolTests.xctest;
			remoteRef = 69139EF72386520B0046A4AC /* PBXContainerItemProxy */;
			sourceTree = BUILT_PRODUCTS_DIR;
		};
/* End PBXReferenceProxy section */

/* Begin PBXResourcesBuildPhase section */
		69139EC523863E650046A4AC /* Resources */ = {
			isa = PBXResourcesBuildPhase;
			buildActionMask = 2147483647;
			files = (
				69139ED723863E660046A4AC /* LaunchScreen.storyboard in Resources */,
				69139ED423863E660046A4AC /* Assets.xcassets in Resources */,
				69139ED223863E650046A4AC /* Main.storyboard in Resources */,
			);
			runOnlyForDeploymentPostprocessing = 0;
		};
/* End PBXResourcesBuildPhase section */

/* Begin PBXSourcesBuildPhase section */
		69139EC323863E650046A4AC /* Sources */ = {
			isa = PBXSourcesBuildPhase;
			buildActionMask = 2147483647;
			files = (
				69139EE22386428B0046A4AC /* CollectionViewCell.swift in Sources */,
				69139ECF23863E650046A4AC /* ViewController.swift in Sources */,
				69139ECB23863E650046A4AC /* AppDelegate.swift in Sources */,
				69139ECD23863E650046A4AC /* SceneDelegate.swift in Sources */,
			);
			runOnlyForDeploymentPostprocessing = 0;
		};
/* End PBXSourcesBuildPhase section */

/* Begin PBXTargetDependency section */
		69139EFA238652170046A4AC /* PBXTargetDependency */ = {
			isa = PBXTargetDependency;
			name = SFSymbol;
			targetProxy = 69139EF9238652170046A4AC /* PBXContainerItemProxy */;
		};
/* End PBXTargetDependency section */

/* Begin PBXVariantGroup section */
		69139ED023863E650046A4AC /* Main.storyboard */ = {
			isa = PBXVariantGroup;
			children = (
				69139ED123863E650046A4AC /* Base */,
			);
			name = Main.storyboard;
			sourceTree = "<group>";
		};
		69139ED523863E660046A4AC /* LaunchScreen.storyboard */ = {
			isa = PBXVariantGroup;
			children = (
				69139ED623863E660046A4AC /* Base */,
			);
			name = LaunchScreen.storyboard;
			sourceTree = "<group>";
		};
/* End PBXVariantGroup section */

/* Begin XCBuildConfiguration section */
		69139ED923863E660046A4AC /* Debug */ = {
			isa = XCBuildConfiguration;
			buildSettings = {
				ALWAYS_SEARCH_USER_PATHS = NO;
				CLANG_ANALYZER_NONNULL = YES;
				CLANG_ANALYZER_NUMBER_OBJECT_CONVERSION = YES_AGGRESSIVE;
				CLANG_CXX_LANGUAGE_STANDARD = "gnu++14";
				CLANG_CXX_LIBRARY = "libc++";
				CLANG_ENABLE_MODULES = YES;
				CLANG_ENABLE_OBJC_ARC = YES;
				CLANG_ENABLE_OBJC_WEAK = YES;
				CLANG_WARN_BLOCK_CAPTURE_AUTORELEASING = YES;
				CLANG_WARN_BOOL_CONVERSION = YES;
				CLANG_WARN_COMMA = YES;
				CLANG_WARN_CONSTANT_CONVERSION = YES;
				CLANG_WARN_DEPRECATED_OBJC_IMPLEMENTATIONS = YES;
				CLANG_WARN_DIRECT_OBJC_ISA_USAGE = YES_ERROR;
				CLANG_WARN_DOCUMENTATION_COMMENTS = YES;
				CLANG_WARN_EMPTY_BODY = YES;
				CLANG_WARN_ENUM_CONVERSION = YES;
				CLANG_WARN_INFINITE_RECURSION = YES;
				CLANG_WARN_INT_CONVERSION = YES;
				CLANG_WARN_NON_LITERAL_NULL_CONVERSION = YES;
				CLANG_WARN_OBJC_IMPLICIT_RETAIN_SELF = YES;
				CLANG_WARN_OBJC_LITERAL_CONVERSION = YES;
				CLANG_WARN_OBJC_ROOT_CLASS = YES_ERROR;
				CLANG_WARN_RANGE_LOOP_ANALYSIS = YES;
				CLANG_WARN_STRICT_PROTOTYPES = YES;
				CLANG_WARN_SUSPICIOUS_MOVE = YES;
				CLANG_WARN_UNGUARDED_AVAILABILITY = YES_AGGRESSIVE;
				CLANG_WARN_UNREACHABLE_CODE = YES;
				CLANG_WARN__DUPLICATE_METHOD_MATCH = YES;
				COPY_PHASE_STRIP = NO;
				DEBUG_INFORMATION_FORMAT = dwarf;
				ENABLE_STRICT_OBJC_MSGSEND = YES;
				ENABLE_TESTABILITY = YES;
				GCC_C_LANGUAGE_STANDARD = gnu11;
				GCC_DYNAMIC_NO_PIC = NO;
				GCC_NO_COMMON_BLOCKS = YES;
				GCC_OPTIMIZATION_LEVEL = 0;
				GCC_PREPROCESSOR_DEFINITIONS = (
					"DEBUG=1",
					"$(inherited)",
				);
				GCC_WARN_64_TO_32_BIT_CONVERSION = YES;
				GCC_WARN_ABOUT_RETURN_TYPE = YES_ERROR;
				GCC_WARN_UNDECLARED_SELECTOR = YES;
				GCC_WARN_UNINITIALIZED_AUTOS = YES_AGGRESSIVE;
				GCC_WARN_UNUSED_FUNCTION = YES;
				GCC_WARN_UNUSED_VARIABLE = YES;
				IPHONEOS_DEPLOYMENT_TARGET = 13.0;
				MTL_ENABLE_DEBUG_INFO = INCLUDE_SOURCE;
				MTL_FAST_MATH = YES;
				ONLY_ACTIVE_ARCH = YES;
				SDKROOT = iphoneos;
				SWIFT_ACTIVE_COMPILATION_CONDITIONS = DEBUG;
				SWIFT_OPTIMIZATION_LEVEL = "-Onone";
			};
			name = Debug;
		};
		69139EDA23863E660046A4AC /* Release */ = {
			isa = XCBuildConfiguration;
			buildSettings = {
				ALWAYS_SEARCH_USER_PATHS = NO;
				CLANG_ANALYZER_NONNULL = YES;
				CLANG_ANALYZER_NUMBER_OBJECT_CONVERSION = YES_AGGRESSIVE;
				CLANG_CXX_LANGUAGE_STANDARD = "gnu++14";
				CLANG_CXX_LIBRARY = "libc++";
				CLANG_ENABLE_MODULES = YES;
				CLANG_ENABLE_OBJC_ARC = YES;
				CLANG_ENABLE_OBJC_WEAK = YES;
				CLANG_WARN_BLOCK_CAPTURE_AUTORELEASING = YES;
				CLANG_WARN_BOOL_CONVERSION = YES;
				CLANG_WARN_COMMA = YES;
				CLANG_WARN_CONSTANT_CONVERSION = YES;
				CLANG_WARN_DEPRECATED_OBJC_IMPLEMENTATIONS = YES;
				CLANG_WARN_DIRECT_OBJC_ISA_USAGE = YES_ERROR;
				CLANG_WARN_DOCUMENTATION_COMMENTS = YES;
				CLANG_WARN_EMPTY_BODY = YES;
				CLANG_WARN_ENUM_CONVERSION = YES;
				CLANG_WARN_INFINITE_RECURSION = YES;
				CLANG_WARN_INT_CONVERSION = YES;
				CLANG_WARN_NON_LITERAL_NULL_CONVERSION = YES;
				CLANG_WARN_OBJC_IMPLICIT_RETAIN_SELF = YES;
				CLANG_WARN_OBJC_LITERAL_CONVERSION = YES;
				CLANG_WARN_OBJC_ROOT_CLASS = YES_ERROR;
				CLANG_WARN_RANGE_LOOP_ANALYSIS = YES;
				CLANG_WARN_STRICT_PROTOTYPES = YES;
				CLANG_WARN_SUSPICIOUS_MOVE = YES;
				CLANG_WARN_UNGUARDED_AVAILABILITY = YES_AGGRESSIVE;
				CLANG_WARN_UNREACHABLE_CODE = YES;
				CLANG_WARN__DUPLICATE_METHOD_MATCH = YES;
				COPY_PHASE_STRIP = NO;
				DEBUG_INFORMATION_FORMAT = "dwarf-with-dsym";
				ENABLE_NS_ASSERTIONS = NO;
				ENABLE_STRICT_OBJC_MSGSEND = YES;
				GCC_C_LANGUAGE_STANDARD = gnu11;
				GCC_NO_COMMON_BLOCKS = YES;
				GCC_WARN_64_TO_32_BIT_CONVERSION = YES;
				GCC_WARN_ABOUT_RETURN_TYPE = YES_ERROR;
				GCC_WARN_UNDECLARED_SELECTOR = YES;
				GCC_WARN_UNINITIALIZED_AUTOS = YES_AGGRESSIVE;
				GCC_WARN_UNUSED_FUNCTION = YES;
				GCC_WARN_UNUSED_VARIABLE = YES;
				IPHONEOS_DEPLOYMENT_TARGET = 13.0;
				MTL_ENABLE_DEBUG_INFO = NO;
				MTL_FAST_MATH = YES;
				SDKROOT = iphoneos;
				SWIFT_COMPILATION_MODE = wholemodule;
				SWIFT_OPTIMIZATION_LEVEL = "-O";
				VALIDATE_PRODUCT = YES;
			};
			name = Release;
		};
		69139EDC23863E660046A4AC /* Debug */ = {
			isa = XCBuildConfiguration;
			buildSettings = {
				ASSETCATALOG_COMPILER_APPICON_NAME = AppIcon;
				CODE_SIGN_STYLE = Automatic;
				DEVELOPMENT_TEAM = A73F7QJH9F;
				INFOPLIST_FILE = SFSymbolExample/Info.plist;
				LD_RUNPATH_SEARCH_PATHS = (
					"$(inherited)",
					"@executable_path/Frameworks",
				);
				PRODUCT_BUNDLE_IDENTIFIER = com.SFSymbol.Example.SFSymbolExample;
				PRODUCT_NAME = "$(TARGET_NAME)";
				SWIFT_VERSION = 5.0;
				TARGETED_DEVICE_FAMILY = "1,2";
			};
			name = Debug;
		};
		69139EDD23863E660046A4AC /* Release */ = {
			isa = XCBuildConfiguration;
			buildSettings = {
				ASSETCATALOG_COMPILER_APPICON_NAME = AppIcon;
				CODE_SIGN_STYLE = Automatic;
				DEVELOPMENT_TEAM = A73F7QJH9F;
				INFOPLIST_FILE = SFSymbolExample/Info.plist;
				LD_RUNPATH_SEARCH_PATHS = (
					"$(inherited)",
					"@executable_path/Frameworks",
				);
				PRODUCT_BUNDLE_IDENTIFIER = com.SFSymbol.Example.SFSymbolExample;
				PRODUCT_NAME = "$(TARGET_NAME)";
				SWIFT_VERSION = 5.0;
				TARGETED_DEVICE_FAMILY = "1,2";
			};
			name = Release;
		};
/* End XCBuildConfiguration section */

/* Begin XCConfigurationList section */
		69139EC223863E650046A4AC /* Build configuration list for PBXProject "SFSymbolExample" */ = {
			isa = XCConfigurationList;
			buildConfigurations = (
				69139ED923863E660046A4AC /* Debug */,
				69139EDA23863E660046A4AC /* Release */,
			);
			defaultConfigurationIsVisible = 0;
			defaultConfigurationName = Release;
		};
		69139EDB23863E660046A4AC /* Build configuration list for PBXNativeTarget "SFSymbolExample" */ = {
			isa = XCConfigurationList;
			buildConfigurations = (
				69139EDC23863E660046A4AC /* Debug */,
				69139EDD23863E660046A4AC /* Release */,
			);
			defaultConfigurationIsVisible = 0;
			defaultConfigurationName = Release;
		};
/* End XCConfigurationList section */
	};
	rootObject = 69139EBF23863E650046A4AC /* Project object */;
}
